// !$*UTF8*$!
{
	archiveVersion = 1;
	classes = {
	};
	objectVersion = 45;
	objects = {

/* Begin PBXBuildFile section */
		824EC02710EC569E00E00874 /* GGImageDither.m in Sources */ = {isa = PBXBuildFile; fileRef = 824EC02610EC569E00E00874 /* GGImageDither.m */; };
		8286A03D105CD01900A76FF3 /* Cocoa.framework in Frameworks */ = {isa = PBXBuildFile; fileRef = 8286A03C105CD01900A76FF3 /* Cocoa.framework */; };
		8286A158105D618600A76FF3 /* GGDirectory.m in Sources */ = {isa = PBXBuildFile; fileRef = 8286A157105D618600A76FF3 /* GGDirectory.m */; };
		82DB339910780C6F008625D9 /* GGPacker.m in Sources */ = {isa = PBXBuildFile; fileRef = 82DB339810780C6F008625D9 /* GGPacker.m */; };
		82FEB9D910BA3EBF008BE87C /* GGImageCompress.m in Sources */ = {isa = PBXBuildFile; fileRef = 82FEB9D810BA3EBF008BE87C /* GGImageCompress.m */; };
		82FEBA0310BA41C5008BE87C /* NSData+Compression.m in Sources */ = {isa = PBXBuildFile; fileRef = 82FEBA0210BA41C5008BE87C /* NSData+Compression.m */; };
		82FEBA0910BA4284008BE87C /* libz.dylib in Frameworks */ = {isa = PBXBuildFile; fileRef = 82FEBA0810BA4284008BE87C /* libz.dylib */; };
		8DD76F9A0486AA7600D96B5E /* GGSpritePacker.m in Sources */ = {isa = PBXBuildFile; fileRef = 08FB7796FE84155DC02AAC07 /* GGSpritePacker.m */; settings = {ATTRIBUTES = (); }; };
		8DD76F9C0486AA7600D96B5E /* Foundation.framework in Frameworks */ = {isa = PBXBuildFile; fileRef = 08FB779EFE84155DC02AAC07 /* Foundation.framework */; };
		8DD76F9F0486AA7600D96B5E /* GGSpritePacker.1 in CopyFiles */ = {isa = PBXBuildFile; fileRef = C6859EA3029092ED04C91782 /* GGSpritePacker.1 */; };
/* End PBXBuildFile section */

/* Begin PBXCopyFilesBuildPhase section */
		8DD76F9E0486AA7600D96B5E /* CopyFiles */ = {
			isa = PBXCopyFilesBuildPhase;
			buildActionMask = 8;
			dstPath = /usr/share/man/man1/;
			dstSubfolderSpec = 0;
			files = (
				8DD76F9F0486AA7600D96B5E /* GGSpritePacker.1 in CopyFiles */,
			);
			runOnlyForDeploymentPostprocessing = 1;
		};
/* End PBXCopyFilesBuildPhase section */

/* Begin PBXFileReference section */
		08FB7796FE84155DC02AAC07 /* GGSpritePacker.m */ = {isa = PBXFileReference; fileEncoding = 4; lastKnownFileType = sourcecode.c.objc; path = GGSpritePacker.m; sourceTree = "<group>"; };
		08FB779EFE84155DC02AAC07 /* Foundation.framework */ = {isa = PBXFileReference; lastKnownFileType = wrapper.framework; name = Foundation.framework; path = /System/Library/Frameworks/Foundation.framework; sourceTree = "<absolute>"; };
		32A70AAB03705E1F00C91783 /* GGSpritePacker_Prefix.pch */ = {isa = PBXFileReference; fileEncoding = 4; lastKnownFileType = sourcecode.c.h; path = GGSpritePacker_Prefix.pch; sourceTree = "<group>"; };
		824EC02510EC569E00E00874 /* GGImageDither.h */ = {isa = PBXFileReference; fileEncoding = 4; lastKnownFileType = sourcecode.c.h; path = GGImageDither.h; sourceTree = "<group>"; };
		824EC02610EC569E00E00874 /* GGImageDither.m */ = {isa = PBXFileReference; fileEncoding = 4; lastKnownFileType = sourcecode.c.objc; path = GGImageDither.m; sourceTree = "<group>"; };
		8286A03C105CD01900A76FF3 /* Cocoa.framework */ = {isa = PBXFileReference; lastKnownFileType = wrapper.framework; name = Cocoa.framework; path = System/Library/Frameworks/Cocoa.framework; sourceTree = SDKROOT; };
		8286A156105D618600A76FF3 /* GGDirectory.h */ = {isa = PBXFileReference; fileEncoding = 4; lastKnownFileType = sourcecode.c.h; path = GGDirectory.h; sourceTree = "<group>"; };
		8286A157105D618600A76FF3 /* GGDirectory.m */ = {isa = PBXFileReference; fileEncoding = 4; lastKnownFileType = sourcecode.c.objc; path = GGDirectory.m; sourceTree = "<group>"; };
		82DB339710780C6F008625D9 /* GGPacker.h */ = {isa = PBXFileReference; fileEncoding = 4; lastKnownFileType = sourcecode.c.h; path = GGPacker.h; sourceTree = "<group>"; };
		82DB339810780C6F008625D9 /* GGPacker.m */ = {isa = PBXFileReference; fileEncoding = 4; lastKnownFileType = sourcecode.c.objc; path = GGPacker.m; sourceTree = "<group>"; };
		82FEB9D710BA3EBF008BE87C /* GGImageCompress.h */ = {isa = PBXFileReference; fileEncoding = 4; lastKnownFileType = sourcecode.c.h; path = GGImageCompress.h; sourceTree = "<group>"; };
		82FEB9D810BA3EBF008BE87C /* GGImageCompress.m */ = {isa = PBXFileReference; fileEncoding = 4; lastKnownFileType = sourcecode.c.objc; path = GGImageCompress.m; sourceTree = "<group>"; };
		82FEBA0110BA41C4008BE87C /* NSData+Compression.h */ = {isa = PBXFileReference; fileEncoding = 4; lastKnownFileType = sourcecode.c.h; path = "NSData+Compression.h"; sourceTree = "<group>"; };
		82FEBA0210BA41C5008BE87C /* NSData+Compression.m */ = {isa = PBXFileReference; fileEncoding = 4; lastKnownFileType = sourcecode.c.objc; path = "NSData+Compression.m"; sourceTree = "<group>"; };
		82FEBA0810BA4284008BE87C /* libz.dylib */ = {isa = PBXFileReference; lastKnownFileType = "compiled.mach-o.dylib"; name = libz.dylib; path = usr/lib/libz.dylib; sourceTree = SDKROOT; };
		8DD76FA10486AA7600D96B5E /* GGSpritePacker */ = {isa = PBXFileReference; explicitFileType = "compiled.mach-o.executable"; includeInIndex = 0; path = GGSpritePacker; sourceTree = BUILT_PRODUCTS_DIR; };
		C6859EA3029092ED04C91782 /* GGSpritePacker.1 */ = {isa = PBXFileReference; lastKnownFileType = text.man; path = GGSpritePacker.1; sourceTree = "<group>"; };
/* End PBXFileReference section */

/* Begin PBXFrameworksBuildPhase section */
		8DD76F9B0486AA7600D96B5E /* Frameworks */ = {
			isa = PBXFrameworksBuildPhase;
			buildActionMask = 2147483647;
			files = (
				8DD76F9C0486AA7600D96B5E /* Foundation.framework in Frameworks */,
				8286A03D105CD01900A76FF3 /* Cocoa.framework in Frameworks */,
				82FEBA0910BA4284008BE87C /* libz.dylib in Frameworks */,
			);
			runOnlyForDeploymentPostprocessing = 0;
		};
/* End PBXFrameworksBuildPhase section */

/* Begin PBXGroup section */
		08FB7794FE84155DC02AAC07 /* GGSpritePacker */ = {
			isa = PBXGroup;
			children = (
				08FB7795FE84155DC02AAC07 /* Source */,
				C6859EA2029092E104C91782 /* Documentation */,
				08FB779DFE84155DC02AAC07 /* External Frameworks and Libraries */,
				1AB674ADFE9D54B511CA2CBB /* Products */,
				8286A03C105CD01900A76FF3 /* Cocoa.framework */,
				82FEBA0810BA4284008BE87C /* libz.dylib */,
			);
			name = GGSpritePacker;
			sourceTree = "<group>";
		};
		08FB7795FE84155DC02AAC07 /* Source */ = {
			isa = PBXGroup;
			children = (
				32A70AAB03705E1F00C91783 /* GGSpritePacker_Prefix.pch */,
				08FB7796FE84155DC02AAC07 /* GGSpritePacker.m */,
				8286A156105D618600A76FF3 /* GGDirectory.h */,
				8286A157105D618600A76FF3 /* GGDirectory.m */,
				82DB339710780C6F008625D9 /* GGPacker.h */,
				82DB339810780C6F008625D9 /* GGPacker.m */,
				82FEB9D710BA3EBF008BE87C /* GGImageCompress.h */,
				82FEB9D810BA3EBF008BE87C /* GGImageCompress.m */,
				82FEBA0110BA41C4008BE87C /* NSData+Compression.h */,
				82FEBA0210BA41C5008BE87C /* NSData+Compression.m */,
				824EC02510EC569E00E00874 /* GGImageDither.h */,
				824EC02610EC569E00E00874 /* GGImageDither.m */,
			);
			name = Source;
			sourceTree = "<group>";
		};
		08FB779DFE84155DC02AAC07 /* External Frameworks and Libraries */ = {
			isa = PBXGroup;
			children = (
				08FB779EFE84155DC02AAC07 /* Foundation.framework */,
			);
			name = "External Frameworks and Libraries";
			sourceTree = "<group>";
		};
		1AB674ADFE9D54B511CA2CBB /* Products */ = {
			isa = PBXGroup;
			children = (
				8DD76FA10486AA7600D96B5E /* GGSpritePacker */,
			);
			name = Products;
			sourceTree = "<group>";
		};
		C6859EA2029092E104C91782 /* Documentation */ = {
			isa = PBXGroup;
			children = (
				C6859EA3029092ED04C91782 /* GGSpritePacker.1 */,
			);
			name = Documentation;
			sourceTree = "<group>";
		};
/* End PBXGroup section */

/* Begin PBXNativeTarget section */
		8DD76F960486AA7600D96B5E /* GGSpritePacker */ = {
			isa = PBXNativeTarget;
			buildConfigurationList = 1DEB927408733DD40010E9CD /* Build configuration list for PBXNativeTarget "GGSpritePacker" */;
			buildPhases = (
				8DD76F990486AA7600D96B5E /* Sources */,
				8DD76F9B0486AA7600D96B5E /* Frameworks */,
				8DD76F9E0486AA7600D96B5E /* CopyFiles */,
			);
			buildRules = (
			);
			dependencies = (
			);
			name = GGSpritePacker;
			productInstallPath = "$(HOME)/bin";
			productName = GGSpritePacker;
			productReference = 8DD76FA10486AA7600D96B5E /* GGSpritePacker */;
			productType = "com.apple.product-type.tool";
		};
/* End PBXNativeTarget section */

/* Begin PBXProject section */
		08FB7793FE84155DC02AAC07 /* Project object */ = {
			isa = PBXProject;
			buildConfigurationList = 1DEB927808733DD40010E9CD /* Build configuration list for PBXProject "GGSpritePacker" */;
			compatibilityVersion = "Xcode 3.1";
			hasScannedForEncodings = 1;
			mainGroup = 08FB7794FE84155DC02AAC07 /* GGSpritePacker */;
			projectDirPath = "";
			projectRoot = "";
			targets = (
				8DD76F960486AA7600D96B5E /* GGSpritePacker */,
			);
		};
/* End PBXProject section */

/* Begin PBXSourcesBuildPhase section */
		8DD76F990486AA7600D96B5E /* Sources */ = {
			isa = PBXSourcesBuildPhase;
			buildActionMask = 2147483647;
			files = (
				8DD76F9A0486AA7600D96B5E /* GGSpritePacker.m in Sources */,
				8286A158105D618600A76FF3 /* GGDirectory.m in Sources */,
				82DB339910780C6F008625D9 /* GGPacker.m in Sources */,
				82FEB9D910BA3EBF008BE87C /* GGImageCompress.m in Sources */,
				82FEBA0310BA41C5008BE87C /* NSData+Compression.m in Sources */,
				824EC02710EC569E00E00874 /* GGImageDither.m in Sources */,
			);
			runOnlyForDeploymentPostprocessing = 0;
		};
/* End PBXSourcesBuildPhase section */

/* Begin XCBuildConfiguration section */
		1DEB927508733DD40010E9CD /* Debug */ = {
			isa = XCBuildConfiguration;
			buildSettings = {
				ALWAYS_SEARCH_USER_PATHS = NO;
				COPY_PHASE_STRIP = NO;
				GCC_DYNAMIC_NO_PIC = NO;
				GCC_ENABLE_FIX_AND_CONTINUE = YES;
				GCC_MODEL_TUNING = G5;
				GCC_OPTIMIZATION_LEVEL = 0;
				GCC_PRECOMPILE_PREFIX_HEADER = YES;
				GCC_PREFIX_HEADER = GGSpritePacker_Prefix.pch;
				INSTALL_PATH = /usr/local/bin;
				PRODUCT_NAME = GGSpritePacker;
			};
			name = Debug;
		};
		1DEB927608733DD40010E9CD /* Release */ = {
			isa = XCBuildConfiguration;
			buildSettings = {
				ALWAYS_SEARCH_USER_PATHS = NO;
				DEBUG_INFORMATION_FORMAT = "dwarf-with-dsym";
				GCC_MODEL_TUNING = G5;
				GCC_PRECOMPILE_PREFIX_HEADER = YES;
				GCC_PREFIX_HEADER = GGSpritePacker_Prefix.pch;
				INSTALL_PATH = /usr/local/bin;
				PRODUCT_NAME = GGSpritePacker;
			};
			name = Release;
		};
		1DEB927908733DD40010E9CD /* Debug */ = {
			isa = XCBuildConfiguration;
			buildSettings = {
				ARCHS = "$(ARCHS_STANDARD_32_64_BIT)";
				GCC_C_LANGUAGE_STANDARD = gnu99;
				GCC_OPTIMIZATION_LEVEL = 0;
				GCC_WARN_ABOUT_RETURN_TYPE = YES;
				GCC_WARN_UNUSED_VARIABLE = YES;
				ONLY_ACTIVE_ARCH = YES;
				PREBINDING = NO;
				SDKROOT = macosx10.6;
			};
			name = Debug;
		};
		1DEB927A08733DD40010E9CD /* Release */ = {
			isa = XCBuildConfiguration;
			buildSettings = {
				ARCHS = "$(ARCHS_STANDARD_32_64_BIT)";
				GCC_C_LANGUAGE_STANDARD = gnu99;
				GCC_WARN_ABOUT_RETURN_TYPE = YES;
				GCC_WARN_UNUSED_VARIABLE = YES;
				PREBINDING = NO;
				SDKROOT = macosx10.6;
			};
			name = Release;
		};
/* End XCBuildConfiguration section */

/* Begin XCConfigurationList section */
		1DEB927408733DD40010E9CD /* Build configuration list for PBXNativeTarget "GGSpritePacker" */ = {
			isa = XCConfigurationList;
			buildConfigurations = (
				1DEB927508733DD40010E9CD /* Debug */,
				1DEB927608733DD40010E9CD /* Release */,
			);
			defaultConfigurationIsVisible = 0;
			defaultConfigurationName = Release;
		};
		1DEB927808733DD40010E9CD /* Build configuration list for PBXProject "GGSpritePacker" */ = {
			isa = XCConfigurationList;
			buildConfigurations = (
				1DEB927908733DD40010E9CD /* Debug */,
				1DEB927A08733DD40010E9CD /* Release */,
			);
			defaultConfigurationIsVisible = 0;
			defaultConfigurationName = Release;
		};
/* End XCConfigurationList section */
	};
	rootObject = 08FB7793FE84155DC02AAC07 /* Project object */;
}
